PODS:
  - CalendarView (1.1.2):
    - SwiftMoment (~> 0.1)
  - Charts (2.1.5)
  - SwiftMoment (0.5.1)
  - TabPageViewController (0.2.0)
  - WWCalendarTimeSelector (1.1.3)

DEPENDENCIES:
  - CalendarView
  - Charts (= 2.1.5)
  - TabPageViewController
  - WWCalendarTimeSelector (= 1.1.3)

SPEC CHECKSUMS:
  CalendarView: 35d51b70586213604edec22a585d105273f6e191
  Charts: d2c4099ed2b7e8c35df9561386bb6e3ca6608ba6
  SwiftMoment: 469c0734b5d4d6631a15a91f8093cf436c3cbb7c
  TabPageViewController: bbf6e2a15bfbd7ccfc269daf182d9d0e8815ba13
  WWCalendarTimeSelector: 5c2cc27a9864f35e8ceb8d1bd2a5f07dd23f94c5

PODFILE CHECKSUM: 3ab8ba3372e9fbc8f5b9e432b014e9a7a6816b30

COCOAPODS: 1.0.1
