PODS:
  - CalendarView (1.1.2):
    - SwiftMoment (~> 0.1)
  - Charts (2.1.5)
  - SwiftMoment (0.4)
  - TabPageViewController (0.1.1)
  - WWCalendarTimeSelector (1.1.5)

DEPENDENCIES:
  - CalendarView
  - Charts (= 2.1.5)
  - TabPageViewController
  - WWCalendarTimeSelector

SPEC CHECKSUMS:
  CalendarView: 35d51b70586213604edec22a585d105273f6e191
  Charts: d2c4099ed2b7e8c35df9561386bb6e3ca6608ba6
  SwiftMoment: e751c44be03a183fa6c949426d9473d26a66ef29
  TabPageViewController: 10fa70daf5d743127cadfd9ef9b3c1354a54c57c
  WWCalendarTimeSelector: 4c1e55a74ae090a759102d809a6cfd2c4e50cd5c

PODFILE CHECKSUM: 75ed110146def9ed2ca6d0f694a881851d23e42f

COCOAPODS: 1.0.1
